
Microsoft Visual Studio Solution File, Format Version 12.00
# Visual Studio Version 17
VisualStudioVersion = 17.13.35931.197
MinimumVisualStudioVersion = 10.0.40219.1
Project("{54A90642-561A-4BB1-A94E-469ADEE60C69}") = "dukevineland.client", "dukevineland.client\dukevineland.client.esproj", "{B8A3434B-374A-3FD2-DA2B-3DBA188D2416}"
EndProject
Project("{FAE04EC0-301F-11D3-BF4B-00C04F79EFBC}") = "DukeVineland.Server", "DukeVineland.Server\DukeVineland.Server.csproj", "{35975044-007C-4547-AAF0-2682822C590F}"
EndProject
Project("{FAE04EC0-301F-11D3-BF4B-00C04F79EFBC}") = "DukeVineland.Dtos", "DukeVineland.Dtos\DukeVineland.Dtos.csproj", "{CDBCB3CD-3ADF-402F-B24F-ADFAAAD48795}"
EndProject
Global
	GlobalSection(SolutionConfigurationPlatforms) = preSolution
		Debug|Any CPU = Debug|Any CPU
		Release|Any CPU = Release|Any CPU
	EndGlobalSection
	GlobalSection(ProjectConfigurationPlatforms) = postSolution
		{B8A3434B-374A-3FD2-DA2B-3DBA188D2416}.Debug|Any CPU.ActiveCfg = Debug|Any CPU
		{B8A3434B-374A-3FD2-DA2B-3DBA188D2416}.Debug|Any CPU.Build.0 = Debug|Any CPU
		{B8A3434B-374A-3FD2-DA2B-3DBA188D2416}.Debug|Any CPU.Deploy.0 = Debug|Any CPU
		{B8A3434B-374A-3FD2-DA2B-3DBA188D2416}.Release|Any CPU.ActiveCfg = Release|Any CPU
		{B8A3434B-374A-3FD2-DA2B-3DBA188D2416}.Release|Any CPU.Build.0 = Release|Any CPU
		{B8A3434B-374A-3FD2-DA2B-3DBA188D2416}.Release|Any CPU.Deploy.0 = Release|Any CPU
		{35975044-007C-4547-AAF0-2682822C590F}.Debug|Any CPU.ActiveCfg = Debug|Any CPU
		{35975044-007C-4547-AAF0-2682822C590F}.Debug|Any CPU.Build.0 = Debug|Any CPU
		{35975044-007C-4547-AAF0-2682822C590F}.Release|Any CPU.ActiveCfg = Release|Any CPU
		{35975044-007C-4547-AAF0-2682822C590F}.Release|Any CPU.Build.0 = Release|Any CPU
		{CDBCB3CD-3ADF-402F-B24F-ADFAAAD48795}.Debug|Any CPU.ActiveCfg = Debug|Any CPU
		{CDBCB3CD-3ADF-402F-B24F-ADFAAAD48795}.Debug|Any CPU.Build.0 = Debug|Any CPU
		{CDBCB3CD-3ADF-402F-B24F-ADFAAAD48795}.Release|Any CPU.ActiveCfg = Release|Any CPU
		{CDBCB3CD-3ADF-402F-B24F-ADFAAAD48795}.Release|Any CPU.Build.0 = Release|Any CPU
	EndGlobalSection
	GlobalSection(SolutionProperties) = preSolution
		HideSolutionNode = FALSE
	EndGlobalSection
	GlobalSection(ExtensibilityGlobals) = postSolution
		SolutionGuid = {CD5E6C44-BFFB-488C-A3E8-1F1B775207AB}
	EndGlobalSection
EndGlobal
